
Microsoft Visual Studio Solution File, Format Version 12.00
# Visual Studio Version 17
VisualStudioVersion = 17.4.33205.214
MinimumVisualStudioVersion = 10.0.40219.1
Project("{FAE04EC0-301F-11D3-BF4B-00C04F79EFBC}") = "Amazon", "Amazon\Amazon.csproj", "{CF58A89F-79D4-48DC-B281-FDC4F7F40608}"
EndProject
Global
	GlobalSection(SolutionConfigurationPlatforms) = preSolution
		Debug|Any CPU = Debug|Any CPU
		Release|Any CPU = Release|Any CPU
	EndGlobalSection
	GlobalSection(ProjectConfigurationPlatforms) = postSolution
		{CF58A89F-79D4-48DC-B281-FDC4F7F40608}.Debug|Any CPU.ActiveCfg = Debug|Any CPU
		{CF58A89F-79D4-48DC-B281-FDC4F7F40608}.Debug|Any CPU.Build.0 = Debug|Any CPU
		{CF58A89F-79D4-48DC-B281-FDC4F7F40608}.Release|Any CPU.ActiveCfg = Release|Any CPU
		{CF58A89F-79D4-48DC-B281-FDC4F7F40608}.Release|Any CPU.Build.0 = Release|Any CPU
	EndGlobalSection
	GlobalSection(SolutionProperties) = preSolution
		HideSolutionNode = FALSE
	EndGlobalSection
	GlobalSection(ExtensibilityGlobals) = postSolution
		SolutionGuid = {01F96555-FC1B-4181-8AD8-A6A93AC3E022}
	EndGlobalSection
EndGlobal
